
Microsoft Visual Studio Solution File, Format Version 12.00
# Visual Studio 15
VisualStudioVersion = 15.0.27703.2047
MinimumVisualStudioVersion = 10.0.40219.1
Project("{FAE04EC0-301F-11D3-BF4B-00C04F79EFBC}") = "SeleniumSharp", "SeleniumSharp\SeleniumSharp.csproj", "{51C1535F-9220-442C-A8AA-47CE1AE6064B}"
EndProject
Project("{FAE04EC0-301F-11D3-BF4B-00C04F79EFBC}") = "SeleniumSharp.Tests", "SeleniumSharp.Tests\SeleniumSharp.Tests.csproj", "{B5F6B7D2-B8B1-493B-883B-FD630D6F1B89}"
EndProject
Global
	GlobalSection(SolutionConfigurationPlatforms) = preSolution
		Debug|Any CPU = Debug|Any CPU
		Release|Any CPU = Release|Any CPU
	EndGlobalSection
	GlobalSection(ProjectConfigurationPlatforms) = postSolution
		{51C1535F-9220-442C-A8AA-47CE1AE6064B}.Debug|Any CPU.ActiveCfg = Debug|Any CPU
		{51C1535F-9220-442C-A8AA-47CE1AE6064B}.Debug|Any CPU.Build.0 = Debug|Any CPU
		{51C1535F-9220-442C-A8AA-47CE1AE6064B}.Release|Any CPU.ActiveCfg = Release|Any CPU
		{51C1535F-9220-442C-A8AA-47CE1AE6064B}.Release|Any CPU.Build.0 = Release|Any CPU
		{B5F6B7D2-B8B1-493B-883B-FD630D6F1B89}.Debug|Any CPU.ActiveCfg = Debug|Any CPU
		{B5F6B7D2-B8B1-493B-883B-FD630D6F1B89}.Debug|Any CPU.Build.0 = Debug|Any CPU
		{B5F6B7D2-B8B1-493B-883B-FD630D6F1B89}.Release|Any CPU.ActiveCfg = Release|Any CPU
		{B5F6B7D2-B8B1-493B-883B-FD630D6F1B89}.Release|Any CPU.Build.0 = Release|Any CPU
	EndGlobalSection
	GlobalSection(SolutionProperties) = preSolution
		HideSolutionNode = FALSE
	EndGlobalSection
	GlobalSection(ExtensibilityGlobals) = postSolution
		SolutionGuid = {72C77E0A-1AAB-4F5E-8DDF-CE09B3BBC82E}
	EndGlobalSection
EndGlobal
